
Microsoft Visual Studio Solution File, Format Version 12.00
# Visual Studio Version 16
VisualStudioVersion = 16.0.30413.136
MinimumVisualStudioVersion = 10.0.40219.1
Project("{FAE04EC0-301F-11D3-BF4B-00C04F79EFBC}") = "LibraryDay3", "LibraryDay3\LibraryDay3.csproj", "{A0147AA3-D9C4-4AED-B939-07FFB69C29E1}"
EndProject
Global
	GlobalSection(SolutionConfigurationPlatforms) = preSolution
		Debug|Any CPU = Debug|Any CPU
		Release|Any CPU = Release|Any CPU
	EndGlobalSection
	GlobalSection(ProjectConfigurationPlatforms) = postSolution
		{A0147AA3-D9C4-4AED-B939-07FFB69C29E1}.Debug|Any CPU.ActiveCfg = Debug|Any CPU
		{A0147AA3-D9C4-4AED-B939-07FFB69C29E1}.Debug|Any CPU.Build.0 = Debug|Any CPU
		{A0147AA3-D9C4-4AED-B939-07FFB69C29E1}.Release|Any CPU.ActiveCfg = Release|Any CPU
		{A0147AA3-D9C4-4AED-B939-07FFB69C29E1}.Release|Any CPU.Build.0 = Release|Any CPU
	EndGlobalSection
	GlobalSection(SolutionProperties) = preSolution
		HideSolutionNode = FALSE
	EndGlobalSection
	GlobalSection(ExtensibilityGlobals) = postSolution
		SolutionGuid = {98FDA6DF-FEDD-45AB-BF91-DC74AEBEFE25}
	EndGlobalSection
EndGlobal
